{
  "nodes": {
    "disko": {
      "inputs": {
        "nixpkgs": [
          "nixpkgs"
        ]
      },
      "locked": {
        "lastModified": 1708910350,
        "narHash": "sha256-cTuJVlOm05aQFIgGuYikgkrI61P2vTO2OfXwIRWEzUg=",
        "owner": "nix-community",
        "repo": "disko",
        "rev": "a13f36255cf4ce99cc4236a34251c2e7106e101d",
        "type": "github"
      },
      "original": {
        "owner": "nix-community",
        "repo": "disko",
        "type": "github"
      }
    },
    "flake-compat": {
      "flake": false,
      "locked": {
        "lastModified": 1673956053,
        "narHash": "sha256-4gtG9iQuiKITOjNQQeQIpoIB6b16fm+504Ch3sNKLd8=",
        "owner": "edolstra",
        "repo": "flake-compat",
        "rev": "35bb57c0c8d8b62bbfd284272c928ceb64ddbde9",
        "type": "github"
      },
      "original": {
        "owner": "edolstra",
        "repo": "flake-compat",
        "type": "github"
      }
    },
    "flake-parts": {
      "inputs": {
        "nixpkgs-lib": [
          "nixpak",
          "nixpkgs"
        ]
      },
      "locked": {
        "lastModified": 1706830856,
        "narHash": "sha256-a0NYyp+h9hlb7ddVz4LUn1vT/PLwqfrWYcHMvFB1xYg=",
        "owner": "hercules-ci",
        "repo": "flake-parts",
        "rev": "b253292d9c0a5ead9bc98c4e9a26c6312e27d69f",
        "type": "github"
      },
      "original": {
        "owner": "hercules-ci",
        "repo": "flake-parts",
        "type": "github"
      }
    },
    "flake-parts_2": {
      "inputs": {
        "nixpkgs-lib": [
          "nixpak-pkgs",
          "nixpak",
          "nixpkgs"
        ]
      },
      "locked": {
        "lastModified": 1706830856,
        "narHash": "sha256-a0NYyp+h9hlb7ddVz4LUn1vT/PLwqfrWYcHMvFB1xYg=",
        "owner": "hercules-ci",
        "repo": "flake-parts",
        "rev": "b253292d9c0a5ead9bc98c4e9a26c6312e27d69f",
        "type": "github"
      },
      "original": {
        "owner": "hercules-ci",
        "repo": "flake-parts",
        "type": "github"
      }
    },
    "flake-parts_3": {
      "inputs": {
        "nixpkgs-lib": [
          "nixpak-pkgs",
          "nixpak",
          "nixpkgs"
        ]
      },
      "locked": {
        "lastModified": 1706830856,
        "narHash": "sha256-a0NYyp+h9hlb7ddVz4LUn1vT/PLwqfrWYcHMvFB1xYg=",
        "owner": "hercules-ci",
        "repo": "flake-parts",
        "rev": "b253292d9c0a5ead9bc98c4e9a26c6312e27d69f",
        "type": "github"
      },
      "original": {
        "owner": "hercules-ci",
        "repo": "flake-parts",
        "type": "github"
      }
    },
    "flake-utils": {
      "inputs": {
        "systems": [
          "nixpkgs"
        ]
      },
      "locked": {
        "lastModified": 1705309234,
        "narHash": "sha256-uNRRNRKmJyCRC/8y1RqBkqWBLM034y4qN7EprSdmgyA=",
        "owner": "numtide",
        "repo": "flake-utils",
        "rev": "1ef2e671c3b0c19053962c07dbda38332dcebf26",
        "type": "github"
      },
      "original": {
        "owner": "numtide",
        "repo": "flake-utils",
        "type": "github"
      }
    },
    "flake-utils_2": {
      "inputs": {
        "systems": "systems"
      },
      "locked": {
        "lastModified": 1681202837,
        "narHash": "sha256-H+Rh19JDwRtpVPAWp64F+rlEtxUWBAQW28eAi3SRSzg=",
        "owner": "numtide",
        "repo": "flake-utils",
        "rev": "cfacdce06f30d2b68473a46042957675eebb3401",
        "type": "github"
      },
      "original": {
        "owner": "numtide",
        "repo": "flake-utils",
        "type": "github"
      }
    },
    "hardware": {
      "locked": {
        "lastModified": 1708594753,
        "narHash": "sha256-c/gH7iXS/IYH9NrFOT+aJqTq+iEBkvAkpWuUHGU3+f0=",
        "owner": "nixos",
        "repo": "nixos-hardware",
        "rev": "3f7d0bca003eac1a1a7f4659bbab9c8f8c2a0958",
        "type": "github"
      },
      "original": {
        "owner": "nixos",
        "repo": "nixos-hardware",
        "type": "github"
      }
    },
    "haumea": {
      "inputs": {
        "nixpkgs": [
          "nixpkgs"
        ]
      },
      "locked": {
        "lastModified": 1685133229,
        "narHash": "sha256-FePm/Gi9PBSNwiDFq3N+DWdfxFq0UKsVVTJS3cQPn94=",
        "owner": "nix-community",
        "repo": "haumea",
        "rev": "34dd58385092a23018748b50f9b23de6266dffc2",
        "type": "github"
      },
      "original": {
        "owner": "nix-community",
        "ref": "v0.2.2",
        "repo": "haumea",
        "type": "github"
      }
    },
    "hercules-ci-effects": {
      "inputs": {
        "flake-parts": [
          "nixpak",
          "flake-parts"
        ],
        "nixpkgs": [
          "nixpak",
          "nixpkgs"
        ]
      },
      "locked": {
        "lastModified": 1704029560,
        "narHash": "sha256-a4Iu7x1OP+uSYpqadOu8VCPY+MPF3+f6KIi+MAxlgyw=",
        "owner": "hercules-ci",
        "repo": "hercules-ci-effects",
        "rev": "d5cbf433a6ae9cae05400189a8dbc6412a03ba16",
        "type": "github"
      },
      "original": {
        "owner": "hercules-ci",
        "repo": "hercules-ci-effects",
        "type": "github"
      }
    },
    "hercules-ci-effects_2": {
      "inputs": {
        "flake-parts": [
          "nixpak-pkgs",
          "flake-parts"
        ],
        "nixpkgs": [
          "nixpak-pkgs",
          "nixpak",
          "nixpkgs"
        ]
      },
      "locked": {
        "lastModified": 1708547820,
        "narHash": "sha256-xU/KC1PWqq5zL9dQ9wYhcdgxAwdeF/dJCLPH3PNZEBg=",
        "owner": "hercules-ci",
        "repo": "hercules-ci-effects",
        "rev": "0ca27bd58e4d5be3135a4bef66b582e57abe8f4a",
        "type": "github"
      },
      "original": {
        "owner": "hercules-ci",
        "repo": "hercules-ci-effects",
        "type": "github"
      }
    },
    "hercules-ci-effects_3": {
      "inputs": {
        "flake-parts": [
          "nixpak-pkgs",
          "nixpak",
          "flake-parts"
        ],
        "nixpkgs": [
          "nixpak-pkgs",
          "nixpak",
          "nixpkgs"
        ]
      },
      "locked": {
        "lastModified": 1704029560,
        "narHash": "sha256-a4Iu7x1OP+uSYpqadOu8VCPY+MPF3+f6KIi+MAxlgyw=",
        "owner": "hercules-ci",
        "repo": "hercules-ci-effects",
        "rev": "d5cbf433a6ae9cae05400189a8dbc6412a03ba16",
        "type": "github"
      },
      "original": {
        "owner": "hercules-ci",
        "repo": "hercules-ci-effects",
        "type": "github"
      }
    },
    "home-manager": {
      "inputs": {
        "nixpkgs": [
          "nixpkgs"
        ]
      },
      "locked": {
        "lastModified": 1706981411,
        "narHash": "sha256-cLbLPTL1CDmETVh4p0nQtvoF+FSEjsnJTFpTxhXywhQ=",
        "owner": "nix-community",
        "repo": "home-manager",
        "rev": "652fda4ca6dafeb090943422c34ae9145787af37",
        "type": "github"
      },
      "original": {
        "owner": "nix-community",
        "ref": "release-23.11",
        "repo": "home-manager",
        "type": "github"
      }
    },
    "impermanence": {
      "locked": {
        "lastModified": 1706639736,
        "narHash": "sha256-CaG4j9+UwBDfinxxvJMo6yOonSmSo0ZgnbD7aj2Put0=",
        "owner": "nix-community",
        "repo": "impermanence",
        "rev": "cd13c2917eaa68e4c49fea0ff9cada45440d7045",
        "type": "github"
      },
      "original": {
        "owner": "nix-community",
        "repo": "impermanence",
        "type": "github"
      }
    },
    "nix-vscode-extensions": {
      "inputs": {
        "flake-compat": "flake-compat",
        "flake-utils": "flake-utils_2",
        "nixpkgs": "nixpkgs"
      },
      "locked": {
        "lastModified": 1708910192,
        "narHash": "sha256-8kg39HMwYj3+/MWg3cawImMiv2ZXFruoBeEzIjU2TXk=",
        "owner": "nix-community",
        "repo": "nix-vscode-extensions",
        "rev": "f57b3ca8b460b394a5bdddb9d8a7460059760f9f",
        "type": "github"
      },
      "original": {
        "owner": "nix-community",
        "repo": "nix-vscode-extensions",
        "type": "github"
      }
    },
    "nixlib": {
      "locked": {
        "lastModified": 1708821942,
        "narHash": "sha256-jd+E1SD59qty65pwqad2mftzkT6vW5nNFWVuvayh4Zw=",
        "owner": "nix-community",
        "repo": "nixpkgs.lib",
        "rev": "479831ed8b3c9c7b80533999f880c7d0bf6a491b",
        "type": "github"
      },
      "original": {
        "owner": "nix-community",
        "repo": "nixpkgs.lib",
        "type": "github"
      }
    },
    "nixos-generators": {
      "inputs": {
        "nixlib": "nixlib",
        "nixpkgs": [
          "nixpkgs"
        ]
      },
      "locked": {
        "lastModified": 1708908770,
        "narHash": "sha256-W7Gu4xit6fNHnpY+R1OqyUGbU4lOj9fLXu7GRK+70jk=",
        "owner": "nix-community",
        "repo": "nixos-generators",
        "rev": "d1dcefb91d616cfaccc5ac8c5f9685baffd9036f",
        "type": "github"
      },
      "original": {
        "owner": "nix-community",
        "repo": "nixos-generators",
        "type": "github"
      }
    },
    "nixpak": {
      "inputs": {
        "flake-parts": "flake-parts",
        "hercules-ci-effects": "hercules-ci-effects",
        "nixpkgs": [
          "nixpkgs"
        ]
      },
      "locked": {
        "lastModified": 1708597894,
        "narHash": "sha256-KxpKOBDGPJ76k37vLukYHp/wd7U4DoUVIvy8atHfy/k=",
        "owner": "nixpak",
        "repo": "nixpak",
        "rev": "535dd408c4b19f407bc22e42eb32ccb9256e5865",
        "type": "github"
      },
      "original": {
        "owner": "nixpak",
        "repo": "nixpak",
        "type": "github"
      }
    },
    "nixpak-pkgs": {
      "inputs": {
        "flake-parts": "flake-parts_2",
        "hercules-ci-effects": "hercules-ci-effects_2",
        "nixpak": "nixpak_2"
      },
      "locked": {
        "lastModified": 1708584099,
        "narHash": "sha256-Wmvh88yRIQ0qDTVF95Z5vaVIVzPOmTu002fNzfJ7nVY=",
        "owner": "nixpak",
        "repo": "pkgs",
        "rev": "d91ffba426cd20199eab17a759b8f18162c65aa4",
        "type": "github"
      },
      "original": {
        "owner": "nixpak",
        "repo": "pkgs",
        "type": "github"
      }
    },
    "nixpak_2": {
      "inputs": {
        "flake-parts": "flake-parts_3",
        "hercules-ci-effects": "hercules-ci-effects_3",
        "nixpkgs": "nixpkgs_2"
      },
      "locked": {
        "lastModified": 1707358904,
        "narHash": "sha256-WYP9+8nHYWmBh3tsQhos7GJ+SozP9/jv0dZsQLYlwo0=",
        "owner": "nixpak",
        "repo": "nixpak",
        "rev": "903020fdc3e77e896404a2888f4b896638400854",
        "type": "github"
      },
      "original": {
        "owner": "nixpak",
        "repo": "nixpak",
        "type": "github"
      }
    },
    "nixpkgs": {
      "locked": {
        "lastModified": 1684570954,
        "narHash": "sha256-FX5y4Sm87RWwfu9PI71XFvuRpZLowh00FQpIJ1WfXqE=",
        "owner": "NixOS",
        "repo": "nixpkgs",
        "rev": "3005f20ce0aaa58169cdee57c8aa12e5f1b6e1b3",
        "type": "github"
      },
      "original": {
        "owner": "NixOS",
        "ref": "nixos-unstable",
        "repo": "nixpkgs",
        "type": "github"
      }
    },
    "nixpkgs-stable": {
      "locked": {
        "lastModified": 1708819810,
        "narHash": "sha256-1KosU+ZFXf31GPeCBNxobZWMgHsSOJcrSFA6F2jhzdE=",
        "owner": "NixOS",
        "repo": "nixpkgs",
        "rev": "89a2a12e6c8c6a56c72eb3589982c8e2f89c70ea",
        "type": "github"
      },
      "original": {
        "owner": "NixOS",
        "ref": "release-23.11",
        "repo": "nixpkgs",
        "type": "github"
      }
    },
    "nixpkgs_2": {
      "locked": {
        "lastModified": 1707092692,
        "narHash": "sha256-ZbHsm+mGk/izkWtT4xwwqz38fdlwu7nUUKXTOmm4SyE=",
        "owner": "NixOS",
        "repo": "nixpkgs",
        "rev": "faf912b086576fd1a15fca610166c98d47bc667e",
        "type": "github"
      },
      "original": {
        "owner": "NixOS",
        "ref": "nixos-unstable",
        "repo": "nixpkgs",
        "type": "github"
      }
    },
    "nixpkgs_3": {
      "locked": {
        "lastModified": 1708807242,
        "narHash": "sha256-sRTRkhMD4delO/hPxxi+XwLqPn8BuUq6nnj4JqLwOu0=",
        "owner": "nixos",
        "repo": "nixpkgs",
        "rev": "73de017ef2d18a04ac4bfd0c02650007ccb31c2a",
        "type": "github"
      },
      "original": {
        "owner": "nixos",
        "ref": "nixos-unstable",
        "repo": "nixpkgs",
        "type": "github"
      }
    },
    "nixpkgs_4": {
      "locked": {
        "lastModified": 1708751719,
        "narHash": "sha256-0uWOKSpXJXmXswOvDM5Vk3blB74apFB6rNGWV5IjoN0=",
        "owner": "NixOS",
        "repo": "nixpkgs",
        "rev": "f63ce824cd2f036216eb5f637dfef31e1a03ee89",
        "type": "github"
      },
      "original": {
        "owner": "NixOS",
        "ref": "nixpkgs-unstable",
        "repo": "nixpkgs",
        "type": "github"
      }
    },
    "nur": {
      "locked": {
        "lastModified": 1708929950,
        "narHash": "sha256-30VrShwM5ymOR1EAqa+slihLAtYzyKQMldrDjFn8hY0=",
        "owner": "nix-community",
        "repo": "NUR",
        "rev": "4b8312664c01d20da6b27627b3690a99ee2b6d86",
        "type": "github"
      },
      "original": {
        "owner": "nix-community",
        "repo": "NUR",
        "type": "github"
      }
    },
    "root": {
      "inputs": {
        "disko": "disko",
        "flake-utils": "flake-utils",
        "hardware": "hardware",
        "haumea": "haumea",
        "home-manager": "home-manager",
        "impermanence": "impermanence",
        "nix-vscode-extensions": "nix-vscode-extensions",
        "nixos-generators": "nixos-generators",
        "nixpak": "nixpak",
        "nixpak-pkgs": "nixpak-pkgs",
        "nixpkgs": "nixpkgs_3",
        "nur": "nur",
        "sops-nix": "sops-nix"
      }
    },
    "sops-nix": {
      "inputs": {
        "nixpkgs": "nixpkgs_4",
        "nixpkgs-stable": "nixpkgs-stable"
      },
      "locked": {
        "lastModified": 1708830076,
        "narHash": "sha256-Cjh2xdjxC6S6nW6Whr2dxSeh8vjodzhTmQdI4zPJ4RA=",
        "owner": "Mic92",
        "repo": "sops-nix",
        "rev": "2874fbbe4a65bd2484b0ad757d27a16107f6bc17",
        "type": "github"
      },
      "original": {
        "owner": "Mic92",
        "repo": "sops-nix",
        "type": "github"
      }
    },
    "systems": {
      "locked": {
        "lastModified": 1681028828,
        "narHash": "sha256-Vy1rq5AaRuLzOxct8nz4T6wlgyUR7zLU309k9mBC768=",
        "owner": "nix-systems",
        "repo": "default",
        "rev": "da67096a3b9bf56a91d16901293e51ba5b49a27e",
        "type": "github"
      },
      "original": {
        "owner": "nix-systems",
        "repo": "default",
        "type": "github"
      }
    }
  },
  "root": "root",
  "version": 7
}
