{
  "nodes": {
    "disko": {
      "inputs": {
        "nixpkgs": [
          "nixpkgs"
        ]
      },
      "locked": {
        "lastModified": 1708564520,
        "narHash": "sha256-juduDTYBhGN6jNfQ5RMDpbQF+MkO0pj3k7XGDSTjAbs=",
        "owner": "nix-community",
        "repo": "disko",
        "rev": "23d308f0059955e3719efc81a34d1fc0369fbb74",
        "type": "github"
      },
      "original": {
        "owner": "nix-community",
        "repo": "disko",
        "type": "github"
      }
    },
    "flake-compat": {
      "flake": false,
      "locked": {
        "lastModified": 1673956053,
        "narHash": "sha256-4gtG9iQuiKITOjNQQeQIpoIB6b16fm+504Ch3sNKLd8=",
        "owner": "edolstra",
        "repo": "flake-compat",
        "rev": "35bb57c0c8d8b62bbfd284272c928ceb64ddbde9",
        "type": "github"
      },
      "original": {
        "owner": "edolstra",
        "repo": "flake-compat",
        "type": "github"
      }
    },
    "flake-parts": {
      "inputs": {
        "nixpkgs-lib": [
          "nixpak",
          "nixpkgs"
        ]
      },
      "locked": {
        "lastModified": 1706830856,
        "narHash": "sha256-a0NYyp+h9hlb7ddVz4LUn1vT/PLwqfrWYcHMvFB1xYg=",
        "owner": "hercules-ci",
        "repo": "flake-parts",
        "rev": "b253292d9c0a5ead9bc98c4e9a26c6312e27d69f",
        "type": "github"
      },
      "original": {
        "owner": "hercules-ci",
        "repo": "flake-parts",
        "type": "github"
      }
    },
    "flake-parts_2": {
      "inputs": {
        "nixpkgs-lib": [
          "nixpak-pkgs",
          "nixpak",
          "nixpkgs"
        ]
      },
      "locked": {
        "lastModified": 1706830856,
        "narHash": "sha256-a0NYyp+h9hlb7ddVz4LUn1vT/PLwqfrWYcHMvFB1xYg=",
        "owner": "hercules-ci",
        "repo": "flake-parts",
        "rev": "b253292d9c0a5ead9bc98c4e9a26c6312e27d69f",
        "type": "github"
      },
      "original": {
        "owner": "hercules-ci",
        "repo": "flake-parts",
        "type": "github"
      }
    },
    "flake-parts_3": {
      "inputs": {
        "nixpkgs-lib": [
          "nixpak-pkgs",
          "nixpak",
          "nixpkgs"
        ]
      },
      "locked": {
        "lastModified": 1706830856,
        "narHash": "sha256-a0NYyp+h9hlb7ddVz4LUn1vT/PLwqfrWYcHMvFB1xYg=",
        "owner": "hercules-ci",
        "repo": "flake-parts",
        "rev": "b253292d9c0a5ead9bc98c4e9a26c6312e27d69f",
        "type": "github"
      },
      "original": {
        "owner": "hercules-ci",
        "repo": "flake-parts",
        "type": "github"
      }
    },
    "flake-utils": {
      "inputs": {
        "systems": "systems"
      },
      "locked": {
        "lastModified": 1681202837,
        "narHash": "sha256-H+Rh19JDwRtpVPAWp64F+rlEtxUWBAQW28eAi3SRSzg=",
        "owner": "numtide",
        "repo": "flake-utils",
        "rev": "cfacdce06f30d2b68473a46042957675eebb3401",
        "type": "github"
      },
      "original": {
        "owner": "numtide",
        "repo": "flake-utils",
        "type": "github"
      }
    },
    "hardware": {
      "locked": {
        "lastModified": 1708594753,
        "narHash": "sha256-c/gH7iXS/IYH9NrFOT+aJqTq+iEBkvAkpWuUHGU3+f0=",
        "owner": "nixos",
        "repo": "nixos-hardware",
        "rev": "3f7d0bca003eac1a1a7f4659bbab9c8f8c2a0958",
        "type": "github"
      },
      "original": {
        "owner": "nixos",
        "repo": "nixos-hardware",
        "type": "github"
      }
    },
    "haumea": {
      "inputs": {
        "nixpkgs": [
          "nixpkgs"
        ]
      },
      "locked": {
        "lastModified": 1685133229,
        "narHash": "sha256-FePm/Gi9PBSNwiDFq3N+DWdfxFq0UKsVVTJS3cQPn94=",
        "owner": "nix-community",
        "repo": "haumea",
        "rev": "34dd58385092a23018748b50f9b23de6266dffc2",
        "type": "github"
      },
      "original": {
        "owner": "nix-community",
        "ref": "v0.2.2",
        "repo": "haumea",
        "type": "github"
      }
    },
    "hercules-ci-effects": {
      "inputs": {
        "flake-parts": [
          "nixpak",
          "flake-parts"
        ],
        "nixpkgs": [
          "nixpak",
          "nixpkgs"
        ]
      },
      "locked": {
        "lastModified": 1704029560,
        "narHash": "sha256-a4Iu7x1OP+uSYpqadOu8VCPY+MPF3+f6KIi+MAxlgyw=",
        "owner": "hercules-ci",
        "repo": "hercules-ci-effects",
        "rev": "d5cbf433a6ae9cae05400189a8dbc6412a03ba16",
        "type": "github"
      },
      "original": {
        "owner": "hercules-ci",
        "repo": "hercules-ci-effects",
        "type": "github"
      }
    },
    "hercules-ci-effects_2": {
      "inputs": {
        "flake-parts": [
          "nixpak-pkgs",
          "flake-parts"
        ],
        "nixpkgs": [
          "nixpak-pkgs",
          "nixpak",
          "nixpkgs"
        ]
      },
      "locked": {
        "lastModified": 1708547820,
        "narHash": "sha256-xU/KC1PWqq5zL9dQ9wYhcdgxAwdeF/dJCLPH3PNZEBg=",
        "owner": "hercules-ci",
        "repo": "hercules-ci-effects",
        "rev": "0ca27bd58e4d5be3135a4bef66b582e57abe8f4a",
        "type": "github"
      },
      "original": {
        "owner": "hercules-ci",
        "repo": "hercules-ci-effects",
        "type": "github"
      }
    },
    "hercules-ci-effects_3": {
      "inputs": {
        "flake-parts": [
          "nixpak-pkgs",
          "nixpak",
          "flake-parts"
        ],
        "nixpkgs": [
          "nixpak-pkgs",
          "nixpak",
          "nixpkgs"
        ]
      },
      "locked": {
        "lastModified": 1704029560,
        "narHash": "sha256-a4Iu7x1OP+uSYpqadOu8VCPY+MPF3+f6KIi+MAxlgyw=",
        "owner": "hercules-ci",
        "repo": "hercules-ci-effects",
        "rev": "d5cbf433a6ae9cae05400189a8dbc6412a03ba16",
        "type": "github"
      },
      "original": {
        "owner": "hercules-ci",
        "repo": "hercules-ci-effects",
        "type": "github"
      }
    },
    "home-manager": {
      "inputs": {
        "nixpkgs": [
          "nixpkgs"
        ]
      },
      "locked": {
        "lastModified": 1706981411,
        "narHash": "sha256-cLbLPTL1CDmETVh4p0nQtvoF+FSEjsnJTFpTxhXywhQ=",
        "owner": "nix-community",
        "repo": "home-manager",
        "rev": "652fda4ca6dafeb090943422c34ae9145787af37",
        "type": "github"
      },
      "original": {
        "owner": "nix-community",
        "ref": "release-23.11",
        "repo": "home-manager",
        "type": "github"
      }
    },
    "impermanence": {
      "locked": {
        "lastModified": 1706639736,
        "narHash": "sha256-CaG4j9+UwBDfinxxvJMo6yOonSmSo0ZgnbD7aj2Put0=",
        "owner": "nix-community",
        "repo": "impermanence",
        "rev": "cd13c2917eaa68e4c49fea0ff9cada45440d7045",
        "type": "github"
      },
      "original": {
        "owner": "nix-community",
        "repo": "impermanence",
        "type": "github"
      }
    },
    "nix-vscode-extensions": {
      "inputs": {
        "flake-compat": "flake-compat",
        "flake-utils": "flake-utils",
        "nixpkgs": "nixpkgs"
      },
      "locked": {
        "lastModified": 1708650893,
        "narHash": "sha256-1+BZ8J49gH7csOTT9lhNnjGIFyO2WwzkB7g2utNz+Os=",
        "owner": "nix-community",
        "repo": "nix-vscode-extensions",
        "rev": "7f3ec76468ec5b580c662901a97b85ad8272340c",
        "type": "github"
      },
      "original": {
        "owner": "nix-community",
        "repo": "nix-vscode-extensions",
        "type": "github"
      }
    },
    "nixlib": {
      "locked": {
        "lastModified": 1708217146,
        "narHash": "sha256-nGfEv7k78slqIR5E0zzWSx214d/4/ZPKDkObLJqVLVw=",
        "owner": "nix-community",
        "repo": "nixpkgs.lib",
        "rev": "e623008d8a46517470e6365505f1a3ce171fa46a",
        "type": "github"
      },
      "original": {
        "owner": "nix-community",
        "repo": "nixpkgs.lib",
        "type": "github"
      }
    },
    "nixos-generators": {
      "inputs": {
        "nixlib": "nixlib",
        "nixpkgs": [
          "nixpkgs"
        ]
      },
      "locked": {
        "lastModified": 1708563055,
        "narHash": "sha256-FaojUZNu+YPFi3eCI7mL4kxPKQ51DoySa7mqmllUOuc=",
        "owner": "nix-community",
        "repo": "nixos-generators",
        "rev": "f4631dee1a0fd56c0db89860e83e3588a28c7631",
        "type": "github"
      },
      "original": {
        "owner": "nix-community",
        "repo": "nixos-generators",
        "type": "github"
      }
    },
    "nixpak": {
      "inputs": {
        "flake-parts": "flake-parts",
        "hercules-ci-effects": "hercules-ci-effects",
        "nixpkgs": [
          "nixpkgs"
        ]
      },
      "locked": {
        "lastModified": 1708597894,
        "narHash": "sha256-KxpKOBDGPJ76k37vLukYHp/wd7U4DoUVIvy8atHfy/k=",
        "owner": "nixpak",
        "repo": "nixpak",
        "rev": "535dd408c4b19f407bc22e42eb32ccb9256e5865",
        "type": "github"
      },
      "original": {
        "owner": "nixpak",
        "repo": "nixpak",
        "type": "github"
      }
    },
    "nixpak-pkgs": {
      "inputs": {
        "flake-parts": "flake-parts_2",
        "hercules-ci-effects": "hercules-ci-effects_2",
        "nixpak": "nixpak_2"
      },
      "locked": {
        "lastModified": 1708584099,
        "narHash": "sha256-Wmvh88yRIQ0qDTVF95Z5vaVIVzPOmTu002fNzfJ7nVY=",
        "owner": "nixpak",
        "repo": "pkgs",
        "rev": "d91ffba426cd20199eab17a759b8f18162c65aa4",
        "type": "github"
      },
      "original": {
        "owner": "nixpak",
        "repo": "pkgs",
        "type": "github"
      }
    },
    "nixpak_2": {
      "inputs": {
        "flake-parts": "flake-parts_3",
        "hercules-ci-effects": "hercules-ci-effects_3",
        "nixpkgs": "nixpkgs_2"
      },
      "locked": {
        "lastModified": 1707358904,
        "narHash": "sha256-WYP9+8nHYWmBh3tsQhos7GJ+SozP9/jv0dZsQLYlwo0=",
        "owner": "nixpak",
        "repo": "nixpak",
        "rev": "903020fdc3e77e896404a2888f4b896638400854",
        "type": "github"
      },
      "original": {
        "owner": "nixpak",
        "repo": "nixpak",
        "type": "github"
      }
    },
    "nixpkgs": {
      "locked": {
        "lastModified": 1684570954,
        "narHash": "sha256-FX5y4Sm87RWwfu9PI71XFvuRpZLowh00FQpIJ1WfXqE=",
        "owner": "NixOS",
        "repo": "nixpkgs",
        "rev": "3005f20ce0aaa58169cdee57c8aa12e5f1b6e1b3",
        "type": "github"
      },
      "original": {
        "owner": "NixOS",
        "ref": "nixos-unstable",
        "repo": "nixpkgs",
        "type": "github"
      }
    },
    "nixpkgs-stable": {
      "locked": {
        "lastModified": 1708210246,
        "narHash": "sha256-Q8L9XwrBK53fbuuIFMbjKvoV7ixfLFKLw4yV+SD28Y8=",
        "owner": "NixOS",
        "repo": "nixpkgs",
        "rev": "69405156cffbdf2be50153f13cbdf9a0bea38e49",
        "type": "github"
      },
      "original": {
        "owner": "NixOS",
        "ref": "release-23.11",
        "repo": "nixpkgs",
        "type": "github"
      }
    },
    "nixpkgs_2": {
      "locked": {
        "lastModified": 1707092692,
        "narHash": "sha256-ZbHsm+mGk/izkWtT4xwwqz38fdlwu7nUUKXTOmm4SyE=",
        "owner": "NixOS",
        "repo": "nixpkgs",
        "rev": "faf912b086576fd1a15fca610166c98d47bc667e",
        "type": "github"
      },
      "original": {
        "owner": "NixOS",
        "ref": "nixos-unstable",
        "repo": "nixpkgs",
        "type": "github"
      }
    },
    "nixpkgs_3": {
      "locked": {
        "lastModified": 1708475490,
        "narHash": "sha256-g1v0TsWBQPX97ziznfJdWhgMyMGtoBFs102xSYO4syU=",
        "owner": "nixos",
        "repo": "nixpkgs",
        "rev": "0e74ca98a74bc7270d28838369593635a5db3260",
        "type": "github"
      },
      "original": {
        "owner": "nixos",
        "ref": "nixos-unstable",
        "repo": "nixpkgs",
        "type": "github"
      }
    },
    "nixpkgs_4": {
      "locked": {
        "lastModified": 1708151420,
        "narHash": "sha256-MGT/4aGCWQPQiu6COqJdCj9kSpLPiShgbwpbC38YXC8=",
        "owner": "NixOS",
        "repo": "nixpkgs",
        "rev": "6e2f00c83911461438301db0dba5281197fe4b3a",
        "type": "github"
      },
      "original": {
        "owner": "NixOS",
        "ref": "nixpkgs-unstable",
        "repo": "nixpkgs",
        "type": "github"
      }
    },
    "nur": {
      "locked": {
        "lastModified": 1708663087,
        "narHash": "sha256-Ckp8pSkhY+lr9/HxZotE8U4gZy3d8A1R0QH6tx2A9P4=",
        "owner": "nix-community",
        "repo": "NUR",
        "rev": "7944446e0031abeb3151dc750672b757088d5220",
        "type": "github"
      },
      "original": {
        "owner": "nix-community",
        "repo": "NUR",
        "type": "github"
      }
    },
    "root": {
      "inputs": {
        "disko": "disko",
        "hardware": "hardware",
        "haumea": "haumea",
        "home-manager": "home-manager",
        "impermanence": "impermanence",
        "nix-vscode-extensions": "nix-vscode-extensions",
        "nixos-generators": "nixos-generators",
        "nixpak": "nixpak",
        "nixpak-pkgs": "nixpak-pkgs",
        "nixpkgs": "nixpkgs_3",
        "nur": "nur",
        "sops-nix": "sops-nix"
      }
    },
    "sops-nix": {
      "inputs": {
        "nixpkgs": "nixpkgs_4",
        "nixpkgs-stable": "nixpkgs-stable"
      },
      "locked": {
        "lastModified": 1708500294,
        "narHash": "sha256-mvJIecY3tDKZh7297mqOtOuAvP7U1rqjfLNfmfkjFpU=",
        "owner": "Mic92",
        "repo": "sops-nix",
        "rev": "f6b80ab6cd25e57f297fe466ad689d8a77057c11",
        "type": "github"
      },
      "original": {
        "owner": "Mic92",
        "repo": "sops-nix",
        "type": "github"
      }
    },
    "systems": {
      "locked": {
        "lastModified": 1681028828,
        "narHash": "sha256-Vy1rq5AaRuLzOxct8nz4T6wlgyUR7zLU309k9mBC768=",
        "owner": "nix-systems",
        "repo": "default",
        "rev": "da67096a3b9bf56a91d16901293e51ba5b49a27e",
        "type": "github"
      },
      "original": {
        "owner": "nix-systems",
        "repo": "default",
        "type": "github"
      }
    }
  },
  "root": "root",
  "version": 7
}
